
Microsoft Visual Studio Solution File, Format Version 12.00
# Visual Studio Version 17
VisualStudioVersion = 17.7.34031.279
MinimumVisualStudioVersion = 10.0.40219.1
Project("{FAE04EC0-301F-11D3-BF4B-00C04F79EFBC}") = "LogicaJoc", "LogicaJoc\LogicaJoc.csproj", "{132F0E63-8D91-4440-9D5A-021418975D68}"
EndProject
Project("{FAE04EC0-301F-11D3-BF4B-00C04F79EFBC}") = "SahUI", "SahUI\SahUI.csproj", "{EF94BFB1-E33F-4DDC-8A72-FA5A6A0A5997}"
EndProject
Global
	GlobalSection(SolutionConfigurationPlatforms) = preSolution
		Debug|Any CPU = Debug|Any CPU
		Release|Any CPU = Release|Any CPU
	EndGlobalSection
	GlobalSection(ProjectConfigurationPlatforms) = postSolution
		{132F0E63-8D91-4440-9D5A-021418975D68}.Debug|Any CPU.ActiveCfg = Debug|Any CPU
		{132F0E63-8D91-4440-9D5A-021418975D68}.Debug|Any CPU.Build.0 = Debug|Any CPU
		{132F0E63-8D91-4440-9D5A-021418975D68}.Release|Any CPU.ActiveCfg = Release|Any CPU
		{132F0E63-8D91-4440-9D5A-021418975D68}.Release|Any CPU.Build.0 = Release|Any CPU
		{EF94BFB1-E33F-4DDC-8A72-FA5A6A0A5997}.Debug|Any CPU.ActiveCfg = Debug|Any CPU
		{EF94BFB1-E33F-4DDC-8A72-FA5A6A0A5997}.Debug|Any CPU.Build.0 = Debug|Any CPU
		{EF94BFB1-E33F-4DDC-8A72-FA5A6A0A5997}.Release|Any CPU.ActiveCfg = Release|Any CPU
		{EF94BFB1-E33F-4DDC-8A72-FA5A6A0A5997}.Release|Any CPU.Build.0 = Release|Any CPU
	EndGlobalSection
	GlobalSection(SolutionProperties) = preSolution
		HideSolutionNode = FALSE
	EndGlobalSection
	GlobalSection(ExtensibilityGlobals) = postSolution
		SolutionGuid = {97A994F3-5904-499B-86E0-059795A29CFD}
	EndGlobalSection
EndGlobal
